
Microsoft Visual Studio Solution File, Format Version 12.00
# Visual Studio Version 16
VisualStudioVersion = 16.0.29709.97
MinimumVisualStudioVersion = 10.0.40219.1
Project("{FAE04EC0-301F-11D3-BF4B-00C04F79EFBC}") = "MVCLab", "MVCLab\MVCLab.csproj", "{BF4442E6-6DD6-4DEA-A953-4D15F76E9B14}"
EndProject
Global
	GlobalSection(SolutionConfigurationPlatforms) = preSolution
		Debug|Any CPU = Debug|Any CPU
		Release|Any CPU = Release|Any CPU
	EndGlobalSection
	GlobalSection(ProjectConfigurationPlatforms) = postSolution
		{BF4442E6-6DD6-4DEA-A953-4D15F76E9B14}.Debug|Any CPU.ActiveCfg = Debug|Any CPU
		{BF4442E6-6DD6-4DEA-A953-4D15F76E9B14}.Debug|Any CPU.Build.0 = Debug|Any CPU
		{BF4442E6-6DD6-4DEA-A953-4D15F76E9B14}.Release|Any CPU.ActiveCfg = Release|Any CPU
		{BF4442E6-6DD6-4DEA-A953-4D15F76E9B14}.Release|Any CPU.Build.0 = Release|Any CPU
	EndGlobalSection
	GlobalSection(SolutionProperties) = preSolution
		HideSolutionNode = FALSE
	EndGlobalSection
	GlobalSection(ExtensibilityGlobals) = postSolution
		SolutionGuid = {FAC7F41B-A0D3-4B00-8913-EE364D99446C}
	EndGlobalSection
EndGlobal
